PODS:
  - OneSignal (2.6.2)
  - SWXMLHash (4.0.0)

DEPENDENCIES:
  - OneSignal (< 3.0, >= 2.5.2)
  - SWXMLHash (~> 4.0.0)

SPEC CHECKSUMS:
  OneSignal: 95127bce89b9e495079e7205e3d47c88590b5750
  SWXMLHash: 6bbc0bf72975a18ceda469fb7d6a886a26d81694

PODFILE CHECKSUM: b8421f839425126788fc72185d9e2babafc01bf5

COCOAPODS: 1.4.0
