PODS:
  - CircleProgressView (1.1.3)
  - OneSignal (2.6.2)
  - ReachabilitySwift (4.1.0)
  - SWXMLHash (4.0.0)

DEPENDENCIES:
  - CircleProgressView
  - OneSignal (< 3.0, >= 2.5.2)
  - ReachabilitySwift
  - SWXMLHash (~> 4.0.0)

SPEC REPOS:
  https://github.com/cocoapods/specs.git:
    - CircleProgressView
    - OneSignal
    - ReachabilitySwift
    - SWXMLHash

SPEC CHECKSUMS:
  CircleProgressView: 66e4d663a2bc7a9086e37b518868be923cd0a23a
  OneSignal: 95127bce89b9e495079e7205e3d47c88590b5750
  ReachabilitySwift: 6849231cd4e06559f3b9ef4a97a0a0f96d41e09f
  SWXMLHash: 6bbc0bf72975a18ceda469fb7d6a886a26d81694

PODFILE CHECKSUM: 1f2b40433eed84deb1e844fc68854783f22f7566

COCOAPODS: 1.5.3
