// !$*UTF8*$!
{
	archiveVersion = 1;
	classes = {
	};
	objectVersion = 48;
	objects = {

/* Begin PBXBuildFile section */
		2205ABA51FED882D00B80C97 /* Ftp.swift in Sources */ = {isa = PBXBuildFile; fileRef = 2205ABA41FED882D00B80C97 /* Ftp.swift */; };
		2217E4831FEB26ED004A02AF /* AppDelegate.swift in Sources */ = {isa = PBXBuildFile; fileRef = 2217E4821FEB26ED004A02AF /* AppDelegate.swift */; };
		2217E4851FEB26ED004A02AF /* WebViewController.swift in Sources */ = {isa = PBXBuildFile; fileRef = 2217E4841FEB26ED004A02AF /* WebViewController.swift */; };
		2217E4881FEB26ED004A02AF /* Main.storyboard in Resources */ = {isa = PBXBuildFile; fileRef = 2217E4861FEB26ED004A02AF /* Main.storyboard */; };
		2217E48A1FEB26EE004A02AF /* Assets.xcassets in Resources */ = {isa = PBXBuildFile; fileRef = 2217E4891FEB26EE004A02AF /* Assets.xcassets */; };
		2217E48D1FEB26EE004A02AF /* LaunchScreen.storyboard in Resources */ = {isa = PBXBuildFile; fileRef = 2217E48B1FEB26EE004A02AF /* LaunchScreen.storyboard */; };
		2217E4961FEB3266004A02AF /* CollectionViewCell.swift in Sources */ = {isa = PBXBuildFile; fileRef = 2217E4941FEB3266004A02AF /* CollectionViewCell.swift */; };
		2217E4971FEB3266004A02AF /* CollectionViewCell.xib in Resources */ = {isa = PBXBuildFile; fileRef = 2217E4951FEB3266004A02AF /* CollectionViewCell.xib */; };
		2217E4991FEB3271004A02AF /* DragableScrollView.swift in Sources */ = {isa = PBXBuildFile; fileRef = 2217E4981FEB3271004A02AF /* DragableScrollView.swift */; };
		2217E49B1FEB329C004A02AF /* photosController.swift in Sources */ = {isa = PBXBuildFile; fileRef = 2217E49A1FEB329C004A02AF /* photosController.swift */; };
		2217E49D1FEB32A8004A02AF /* Photos.swift in Sources */ = {isa = PBXBuildFile; fileRef = 2217E49C1FEB32A8004A02AF /* Photos.swift */; };
		2217E49F1FEB512B004A02AF /* UploadImageService.swift in Sources */ = {isa = PBXBuildFile; fileRef = 2217E49E1FEB512B004A02AF /* UploadImageService.swift */; };
		224459541FEBF8B700DEA02A /* SIC.swift in Sources */ = {isa = PBXBuildFile; fileRef = 224459531FEBF8B700DEA02A /* SIC.swift */; };
		3EA212BBEF4F30234FA0AC52 /* Pods_Odi.framework in Frameworks */ = {isa = PBXBuildFile; fileRef = 280D2E0228502BBBA8815D93 /* Pods_Odi.framework */; };
		9507D42F21190E1E00DB816A /* ServiceManager.swift in Sources */ = {isa = PBXBuildFile; fileRef = 9507D42E21190E1E00DB816A /* ServiceManager.swift */; };
		950D9A301FEB4A65004F5507 /* CameraController.swift in Sources */ = {isa = PBXBuildFile; fileRef = 950D9A2D1FEB4A65004F5507 /* CameraController.swift */; };
		950D9A311FEB4A65004F5507 /* CameraViewController.swift in Sources */ = {isa = PBXBuildFile; fileRef = 950D9A2E1FEB4A65004F5507 /* CameraViewController.swift */; };
		950D9A321FEB4A65004F5507 /* AudioPlayer.swift in Sources */ = {isa = PBXBuildFile; fileRef = 950D9A2F1FEB4A65004F5507 /* AudioPlayer.swift */; };
		950D9A391FEB4A89004F5507 /* PostConnection.swift in Sources */ = {isa = PBXBuildFile; fileRef = 950D9A371FEB4A89004F5507 /* PostConnection.swift */; };
		950D9A3A1FEB4A89004F5507 /* ConnectionDelegate.swift in Sources */ = {isa = PBXBuildFile; fileRef = 950D9A381FEB4A89004F5507 /* ConnectionDelegate.swift */; };
		950D9A3C1FEB4A90004F5507 /* GetCameraServices.swift in Sources */ = {isa = PBXBuildFile; fileRef = 950D9A3B1FEB4A90004F5507 /* GetCameraServices.swift */; };
		950D9A3E1FEB4A95004F5507 /* API.swift in Sources */ = {isa = PBXBuildFile; fileRef = 950D9A3D1FEB4A95004F5507 /* API.swift */; };
		950D9A411FEC8C95004F5507 /* PlayVideoController.swift in Sources */ = {isa = PBXBuildFile; fileRef = 950D9A401FEC8C95004F5507 /* PlayVideoController.swift */; };
		950D9A441FEC8FCB004F5507 /* Player.swift in Sources */ = {isa = PBXBuildFile; fileRef = 950D9A431FEC8FCB004F5507 /* Player.swift */; };
		950D9A461FEC93A5004F5507 /* Extensions.swift in Sources */ = {isa = PBXBuildFile; fileRef = 950D9A451FEC93A4004F5507 /* Extensions.swift */; };
		952373632117B792002A588A /* CircleViewClass.swift in Sources */ = {isa = PBXBuildFile; fileRef = 952373622117B791002A588A /* CircleViewClass.swift */; };
		953125BA203DE75E00611222 /* ViewControllerExtension.swift in Sources */ = {isa = PBXBuildFile; fileRef = 953125B9203DE75E00611222 /* ViewControllerExtension.swift */; };
/* End PBXBuildFile section */

/* Begin PBXFileReference section */
		18FC96B920EA2DC2001C8A5B /* tr */ = {isa = PBXFileReference; lastKnownFileType = text.plist.strings; name = tr; path = tr.lproj/Main.strings; sourceTree = "<group>"; };
		18FC96BA20EA2DC2001C8A5B /* tr */ = {isa = PBXFileReference; lastKnownFileType = text.plist.strings; name = tr; path = tr.lproj/LaunchScreen.strings; sourceTree = "<group>"; };
		2205ABA41FED882D00B80C97 /* Ftp.swift */ = {isa = PBXFileReference; fileEncoding = 4; lastKnownFileType = sourcecode.swift; path = Ftp.swift; sourceTree = "<group>"; };
		2217E47F1FEB26ED004A02AF /* Odi.app */ = {isa = PBXFileReference; explicitFileType = wrapper.application; includeInIndex = 0; path = Odi.app; sourceTree = BUILT_PRODUCTS_DIR; };
		2217E4821FEB26ED004A02AF /* AppDelegate.swift */ = {isa = PBXFileReference; lastKnownFileType = sourcecode.swift; path = AppDelegate.swift; sourceTree = "<group>"; };
		2217E4841FEB26ED004A02AF /* WebViewController.swift */ = {isa = PBXFileReference; lastKnownFileType = sourcecode.swift; path = WebViewController.swift; sourceTree = "<group>"; };
		2217E4871FEB26ED004A02AF /* Base */ = {isa = PBXFileReference; lastKnownFileType = file.storyboard; name = Base; path = Base.lproj/Main.storyboard; sourceTree = "<group>"; };
		2217E4891FEB26EE004A02AF /* Assets.xcassets */ = {isa = PBXFileReference; lastKnownFileType = folder.assetcatalog; path = Assets.xcassets; sourceTree = "<group>"; };
		2217E48C1FEB26EE004A02AF /* Base */ = {isa = PBXFileReference; lastKnownFileType = file.storyboard; name = Base; path = Base.lproj/LaunchScreen.storyboard; sourceTree = "<group>"; };
		2217E48E1FEB26EE004A02AF /* Info.plist */ = {isa = PBXFileReference; lastKnownFileType = text.plist.xml; path = Info.plist; sourceTree = "<group>"; };
		2217E4941FEB3266004A02AF /* CollectionViewCell.swift */ = {isa = PBXFileReference; fileEncoding = 4; lastKnownFileType = sourcecode.swift; path = CollectionViewCell.swift; sourceTree = "<group>"; };
		2217E4951FEB3266004A02AF /* CollectionViewCell.xib */ = {isa = PBXFileReference; fileEncoding = 4; lastKnownFileType = file.xib; path = CollectionViewCell.xib; sourceTree = "<group>"; };
		2217E4981FEB3271004A02AF /* DragableScrollView.swift */ = {isa = PBXFileReference; fileEncoding = 4; lastKnownFileType = sourcecode.swift; path = DragableScrollView.swift; sourceTree = "<group>"; };
		2217E49A1FEB329C004A02AF /* photosController.swift */ = {isa = PBXFileReference; fileEncoding = 4; lastKnownFileType = sourcecode.swift; path = photosController.swift; sourceTree = "<group>"; };
		2217E49C1FEB32A8004A02AF /* Photos.swift */ = {isa = PBXFileReference; fileEncoding = 4; lastKnownFileType = sourcecode.swift; path = Photos.swift; sourceTree = "<group>"; };
		2217E49E1FEB512B004A02AF /* UploadImageService.swift */ = {isa = PBXFileReference; lastKnownFileType = sourcecode.swift; path = UploadImageService.swift; sourceTree = "<group>"; };
		224459531FEBF8B700DEA02A /* SIC.swift */ = {isa = PBXFileReference; fileEncoding = 4; lastKnownFileType = sourcecode.swift; path = SIC.swift; sourceTree = "<group>"; };
		280D2E0228502BBBA8815D93 /* Pods_Odi.framework */ = {isa = PBXFileReference; explicitFileType = wrapper.framework; includeInIndex = 0; path = Pods_Odi.framework; sourceTree = BUILT_PRODUCTS_DIR; };
		32E6CA614FA311A79905E66F /* Pods-Odi.release.xcconfig */ = {isa = PBXFileReference; includeInIndex = 1; lastKnownFileType = text.xcconfig; name = "Pods-Odi.release.xcconfig"; path = "Pods/Target Support Files/Pods-Odi/Pods-Odi.release.xcconfig"; sourceTree = "<group>"; };
		9507D42E21190E1E00DB816A /* ServiceManager.swift */ = {isa = PBXFileReference; lastKnownFileType = sourcecode.swift; path = ServiceManager.swift; sourceTree = "<group>"; };
		950D9A2D1FEB4A65004F5507 /* CameraController.swift */ = {isa = PBXFileReference; fileEncoding = 4; lastKnownFileType = sourcecode.swift; path = CameraController.swift; sourceTree = "<group>"; };
		950D9A2E1FEB4A65004F5507 /* CameraViewController.swift */ = {isa = PBXFileReference; fileEncoding = 4; lastKnownFileType = sourcecode.swift; path = CameraViewController.swift; sourceTree = "<group>"; };
		950D9A2F1FEB4A65004F5507 /* AudioPlayer.swift */ = {isa = PBXFileReference; fileEncoding = 4; lastKnownFileType = sourcecode.swift; path = AudioPlayer.swift; sourceTree = "<group>"; };
		950D9A371FEB4A89004F5507 /* PostConnection.swift */ = {isa = PBXFileReference; fileEncoding = 4; lastKnownFileType = sourcecode.swift; path = PostConnection.swift; sourceTree = "<group>"; };
		950D9A381FEB4A89004F5507 /* ConnectionDelegate.swift */ = {isa = PBXFileReference; fileEncoding = 4; lastKnownFileType = sourcecode.swift; path = ConnectionDelegate.swift; sourceTree = "<group>"; };
		950D9A3B1FEB4A90004F5507 /* GetCameraServices.swift */ = {isa = PBXFileReference; fileEncoding = 4; lastKnownFileType = sourcecode.swift; path = GetCameraServices.swift; sourceTree = "<group>"; };
		950D9A3D1FEB4A95004F5507 /* API.swift */ = {isa = PBXFileReference; fileEncoding = 4; lastKnownFileType = sourcecode.swift; path = API.swift; sourceTree = "<group>"; };
		950D9A401FEC8C95004F5507 /* PlayVideoController.swift */ = {isa = PBXFileReference; lastKnownFileType = sourcecode.swift; path = PlayVideoController.swift; sourceTree = "<group>"; };
		950D9A431FEC8FCB004F5507 /* Player.swift */ = {isa = PBXFileReference; fileEncoding = 4; lastKnownFileType = sourcecode.swift; path = Player.swift; sourceTree = "<group>"; };
		950D9A451FEC93A4004F5507 /* Extensions.swift */ = {isa = PBXFileReference; fileEncoding = 4; lastKnownFileType = sourcecode.swift; path = Extensions.swift; sourceTree = "<group>"; };
		952373622117B791002A588A /* CircleViewClass.swift */ = {isa = PBXFileReference; fileEncoding = 4; lastKnownFileType = sourcecode.swift; path = CircleViewClass.swift; sourceTree = "<group>"; };
		953125B9203DE75E00611222 /* ViewControllerExtension.swift */ = {isa = PBXFileReference; lastKnownFileType = sourcecode.swift; path = ViewControllerExtension.swift; sourceTree = "<group>"; };
		95E3EB77204C88390004BDA7 /* Odi.entitlements */ = {isa = PBXFileReference; lastKnownFileType = text.plist.entitlements; path = Odi.entitlements; sourceTree = "<group>"; };
		D3014EAC0050B9CD9FE7B464 /* Pods-Odi.debug.xcconfig */ = {isa = PBXFileReference; includeInIndex = 1; lastKnownFileType = text.xcconfig; name = "Pods-Odi.debug.xcconfig"; path = "Pods/Target Support Files/Pods-Odi/Pods-Odi.debug.xcconfig"; sourceTree = "<group>"; };
/* End PBXFileReference section */

/* Begin PBXFrameworksBuildPhase section */
		2217E47C1FEB26ED004A02AF /* Frameworks */ = {
			isa = PBXFrameworksBuildPhase;
			buildActionMask = 2147483647;
			files = (
				3EA212BBEF4F30234FA0AC52 /* Pods_Odi.framework in Frameworks */,
			);
			runOnlyForDeploymentPostprocessing = 0;
		};
/* End PBXFrameworksBuildPhase section */

/* Begin PBXGroup section */
		2217E4761FEB26ED004A02AF = {
			isa = PBXGroup;
			children = (
				2217E4811FEB26ED004A02AF /* Odi */,
				2217E4801FEB26ED004A02AF /* Products */,
				D637B915AC399284017E047D /* Pods */,
				F4DC0EDC7F31D0CBB732F291 /* Frameworks */,
			);
			sourceTree = "<group>";
		};
		2217E4801FEB26ED004A02AF /* Products */ = {
			isa = PBXGroup;
			children = (
				2217E47F1FEB26ED004A02AF /* Odi.app */,
			);
			name = Products;
			sourceTree = "<group>";
		};
		2217E4811FEB26ED004A02AF /* Odi */ = {
			isa = PBXGroup;
			children = (
				95E3EB77204C88390004BDA7 /* Odi.entitlements */,
				953125BB203DE8D200611222 /* Protocol */,
				953125B7203DE74300611222 /* Extension */,
				950D9A421FEC8FBA004F5507 /* Framework */,
				950D9A331FEB4A69004F5507 /* Service Structure */,
				950D9A2C1FEB4A57004F5507 /* Camera Controller */,
				950D9A3F1FEC8C66004F5507 /* Play Video Controller */,
				2217E49A1FEB329C004A02AF /* photosController.swift */,
				2217E4841FEB26ED004A02AF /* WebViewController.swift */,
				224459531FEBF8B700DEA02A /* SIC.swift */,
				2217E49C1FEB32A8004A02AF /* Photos.swift */,
				2217E4981FEB3271004A02AF /* DragableScrollView.swift */,
				2217E4941FEB3266004A02AF /* CollectionViewCell.swift */,
				2217E4951FEB3266004A02AF /* CollectionViewCell.xib */,
				2217E4861FEB26ED004A02AF /* Main.storyboard */,
				2217E4891FEB26EE004A02AF /* Assets.xcassets */,
				2217E48B1FEB26EE004A02AF /* LaunchScreen.storyboard */,
				2217E48E1FEB26EE004A02AF /* Info.plist */,
				2217E4821FEB26ED004A02AF /* AppDelegate.swift */,
				2205ABA41FED882D00B80C97 /* Ftp.swift */,
			);
			path = Odi;
			sourceTree = "<group>";
		};
		9507D42D21190E0A00DB816A /* Static Connection New */ = {
			isa = PBXGroup;
			children = (
				9507D42E21190E1E00DB816A /* ServiceManager.swift */,
			);
			path = "Static Connection New";
			sourceTree = "<group>";
		};
		950D9A2C1FEB4A57004F5507 /* Camera Controller */ = {
			isa = PBXGroup;
			children = (
				950D9A2F1FEB4A65004F5507 /* AudioPlayer.swift */,
				950D9A2D1FEB4A65004F5507 /* CameraController.swift */,
				950D9A2E1FEB4A65004F5507 /* CameraViewController.swift */,
			);
			path = "Camera Controller";
			sourceTree = "<group>";
		};
		950D9A331FEB4A69004F5507 /* Service Structure */ = {
			isa = PBXGroup;
			children = (
				9507D42D21190E0A00DB816A /* Static Connection New */,
				950D9A361FEB4A81004F5507 /* Services */,
				950D9A351FEB4A7E004F5507 /* APİ */,
				950D9A341FEB4A75004F5507 /* Static Connection */,
			);
			path = "Service Structure";
			sourceTree = "<group>";
		};
		950D9A341FEB4A75004F5507 /* Static Connection */ = {
			isa = PBXGroup;
			children = (
				950D9A381FEB4A89004F5507 /* ConnectionDelegate.swift */,
				950D9A371FEB4A89004F5507 /* PostConnection.swift */,
			);
			path = "Static Connection";
			sourceTree = "<group>";
		};
		950D9A351FEB4A7E004F5507 /* APİ */ = {
			isa = PBXGroup;
			children = (
				950D9A3D1FEB4A95004F5507 /* API.swift */,
			);
			name = "APİ";
			path = "APİ";
			sourceTree = "<group>";
		};
		950D9A361FEB4A81004F5507 /* Services */ = {
			isa = PBXGroup;
			children = (
				950D9A3B1FEB4A90004F5507 /* GetCameraServices.swift */,
				2217E49E1FEB512B004A02AF /* UploadImageService.swift */,
			);
			path = Services;
			sourceTree = "<group>";
		};
		950D9A3F1FEC8C66004F5507 /* Play Video Controller */ = {
			isa = PBXGroup;
			children = (
				950D9A401FEC8C95004F5507 /* PlayVideoController.swift */,
			);
			path = "Play Video Controller";
			sourceTree = "<group>";
		};
		950D9A421FEC8FBA004F5507 /* Framework */ = {
			isa = PBXGroup;
			children = (
				950D9A451FEC93A4004F5507 /* Extensions.swift */,
				950D9A431FEC8FCB004F5507 /* Player.swift */,
				952373622117B791002A588A /* CircleViewClass.swift */,
			);
			path = Framework;
			sourceTree = "<group>";
		};
		953125B7203DE74300611222 /* Extension */ = {
			isa = PBXGroup;
			children = (
				953125B8203DE74C00611222 /* UIKit */,
			);
			path = Extension;
			sourceTree = "<group>";
		};
		953125B8203DE74C00611222 /* UIKit */ = {
			isa = PBXGroup;
			children = (
				953125B9203DE75E00611222 /* ViewControllerExtension.swift */,
			);
			path = UIKit;
			sourceTree = "<group>";
		};
		953125BB203DE8D200611222 /* Protocol */ = {
			isa = PBXGroup;
			children = (
			);
			path = Protocol;
			sourceTree = "<group>";
		};
		D637B915AC399284017E047D /* Pods */ = {
			isa = PBXGroup;
			children = (
				D3014EAC0050B9CD9FE7B464 /* Pods-Odi.debug.xcconfig */,
				32E6CA614FA311A79905E66F /* Pods-Odi.release.xcconfig */,
			);
			name = Pods;
			sourceTree = "<group>";
		};
		F4DC0EDC7F31D0CBB732F291 /* Frameworks */ = {
			isa = PBXGroup;
			children = (
				280D2E0228502BBBA8815D93 /* Pods_Odi.framework */,
			);
			name = Frameworks;
			sourceTree = "<group>";
		};
/* End PBXGroup section */

/* Begin PBXNativeTarget section */
		2217E47E1FEB26ED004A02AF /* Odi */ = {
			isa = PBXNativeTarget;
			buildConfigurationList = 2217E4911FEB26EE004A02AF /* Build configuration list for PBXNativeTarget "Odi" */;
			buildPhases = (
				5B8F52BAC56E033251AAC644 /* [CP] Check Pods Manifest.lock */,
				2217E47B1FEB26ED004A02AF /* Sources */,
				2217E47C1FEB26ED004A02AF /* Frameworks */,
				2217E47D1FEB26ED004A02AF /* Resources */,
				EA7AFAC505212BF84A12EAD7 /* [CP] Embed Pods Frameworks */,
				61FE3F0C9418BE7E5EA418CF /* [CP] Copy Pods Resources */,
			);
			buildRules = (
			);
			dependencies = (
			);
			name = Odi;
			productName = Odi;
			productReference = 2217E47F1FEB26ED004A02AF /* Odi.app */;
			productType = "com.apple.product-type.application";
		};
/* End PBXNativeTarget section */

/* Begin PBXProject section */
		2217E4771FEB26ED004A02AF /* Project object */ = {
			isa = PBXProject;
			attributes = {
				LastSwiftUpdateCheck = 0910;
				LastUpgradeCheck = 0930;
				ORGANIZATIONNAME = bilal;
				TargetAttributes = {
					2217E47E1FEB26ED004A02AF = {
						CreatedOnToolsVersion = 9.1;
						ProvisioningStyle = Automatic;
						SystemCapabilities = {
							com.apple.BackgroundModes = {
								enabled = 0;
							};
							com.apple.Push = {
								enabled = 1;
							};
						};
					};
				};
			};
			buildConfigurationList = 2217E47A1FEB26ED004A02AF /* Build configuration list for PBXProject "Odi" */;
			compatibilityVersion = "Xcode 8.0";
			developmentRegion = en;
			hasScannedForEncodings = 0;
			knownRegions = (
				en,
				Base,
			);
			mainGroup = 2217E4761FEB26ED004A02AF;
			productRefGroup = 2217E4801FEB26ED004A02AF /* Products */;
			projectDirPath = "";
			projectRoot = "";
			targets = (
				2217E47E1FEB26ED004A02AF /* Odi */,
			);
		};
/* End PBXProject section */

/* Begin PBXResourcesBuildPhase section */
		2217E47D1FEB26ED004A02AF /* Resources */ = {
			isa = PBXResourcesBuildPhase;
			buildActionMask = 2147483647;
			files = (
				2217E48D1FEB26EE004A02AF /* LaunchScreen.storyboard in Resources */,
				2217E48A1FEB26EE004A02AF /* Assets.xcassets in Resources */,
				2217E4971FEB3266004A02AF /* CollectionViewCell.xib in Resources */,
				2217E4881FEB26ED004A02AF /* Main.storyboard in Resources */,
			);
			runOnlyForDeploymentPostprocessing = 0;
		};
/* End PBXResourcesBuildPhase section */

/* Begin PBXShellScriptBuildPhase section */
		5B8F52BAC56E033251AAC644 /* [CP] Check Pods Manifest.lock */ = {
			isa = PBXShellScriptBuildPhase;
			buildActionMask = 2147483647;
			files = (
			);
			inputPaths = (
				"${PODS_PODFILE_DIR_PATH}/Podfile.lock",
				"${PODS_ROOT}/Manifest.lock",
			);
			name = "[CP] Check Pods Manifest.lock";
			outputPaths = (
				"$(DERIVED_FILE_DIR)/Pods-Odi-checkManifestLockResult.txt",
			);
			runOnlyForDeploymentPostprocessing = 0;
			shellPath = /bin/sh;
			shellScript = "diff \"${PODS_PODFILE_DIR_PATH}/Podfile.lock\" \"${PODS_ROOT}/Manifest.lock\" > /dev/null\nif [ $? != 0 ] ; then\n    # print error to STDERR\n    echo \"error: The sandbox is not in sync with the Podfile.lock. Run 'pod install' or update your CocoaPods installation.\" >&2\n    exit 1\nfi\n# This output is used by Xcode 'outputs' to avoid re-running this script phase.\necho \"SUCCESS\" > \"${SCRIPT_OUTPUT_FILE_0}\"\n";
			showEnvVarsInLog = 0;
		};
		61FE3F0C9418BE7E5EA418CF /* [CP] Copy Pods Resources */ = {
			isa = PBXShellScriptBuildPhase;
			buildActionMask = 2147483647;
			files = (
			);
			inputPaths = (
			);
			name = "[CP] Copy Pods Resources";
			outputPaths = (
			);
			runOnlyForDeploymentPostprocessing = 0;
			shellPath = /bin/sh;
			shellScript = "\"${SRCROOT}/Pods/Target Support Files/Pods-Odi/Pods-Odi-resources.sh\"\n";
			showEnvVarsInLog = 0;
		};
		EA7AFAC505212BF84A12EAD7 /* [CP] Embed Pods Frameworks */ = {
			isa = PBXShellScriptBuildPhase;
			buildActionMask = 2147483647;
			files = (
			);
			inputPaths = (
				"${SRCROOT}/Pods/Target Support Files/Pods-Odi/Pods-Odi-frameworks.sh",
				"${BUILT_PRODUCTS_DIR}/CircleProgressView/CircleProgressView.framework",
				"${BUILT_PRODUCTS_DIR}/SWXMLHash/SWXMLHash.framework",
			);
			name = "[CP] Embed Pods Frameworks";
			outputPaths = (
				"${TARGET_BUILD_DIR}/${FRAMEWORKS_FOLDER_PATH}/CircleProgressView.framework",
				"${TARGET_BUILD_DIR}/${FRAMEWORKS_FOLDER_PATH}/SWXMLHash.framework",
			);
			runOnlyForDeploymentPostprocessing = 0;
			shellPath = /bin/sh;
			shellScript = "\"${SRCROOT}/Pods/Target Support Files/Pods-Odi/Pods-Odi-frameworks.sh\"\n";
			showEnvVarsInLog = 0;
		};
/* End PBXShellScriptBuildPhase section */

/* Begin PBXSourcesBuildPhase section */
		2217E47B1FEB26ED004A02AF /* Sources */ = {
			isa = PBXSourcesBuildPhase;
			buildActionMask = 2147483647;
			files = (
				952373632117B792002A588A /* CircleViewClass.swift in Sources */,
				2217E49D1FEB32A8004A02AF /* Photos.swift in Sources */,
				2217E49B1FEB329C004A02AF /* photosController.swift in Sources */,
				950D9A321FEB4A65004F5507 /* AudioPlayer.swift in Sources */,
				950D9A391FEB4A89004F5507 /* PostConnection.swift in Sources */,
				950D9A301FEB4A65004F5507 /* CameraController.swift in Sources */,
				2217E4851FEB26ED004A02AF /* WebViewController.swift in Sources */,
				224459541FEBF8B700DEA02A /* SIC.swift in Sources */,
				2217E4831FEB26ED004A02AF /* AppDelegate.swift in Sources */,
				953125BA203DE75E00611222 /* ViewControllerExtension.swift in Sources */,
				950D9A411FEC8C95004F5507 /* PlayVideoController.swift in Sources */,
				9507D42F21190E1E00DB816A /* ServiceManager.swift in Sources */,
				950D9A3C1FEB4A90004F5507 /* GetCameraServices.swift in Sources */,
				2217E49F1FEB512B004A02AF /* UploadImageService.swift in Sources */,
				2205ABA51FED882D00B80C97 /* Ftp.swift in Sources */,
				950D9A3E1FEB4A95004F5507 /* API.swift in Sources */,
				950D9A311FEB4A65004F5507 /* CameraViewController.swift in Sources */,
				950D9A461FEC93A5004F5507 /* Extensions.swift in Sources */,
				2217E4961FEB3266004A02AF /* CollectionViewCell.swift in Sources */,
				2217E4991FEB3271004A02AF /* DragableScrollView.swift in Sources */,
				950D9A441FEC8FCB004F5507 /* Player.swift in Sources */,
				950D9A3A1FEB4A89004F5507 /* ConnectionDelegate.swift in Sources */,
			);
			runOnlyForDeploymentPostprocessing = 0;
		};
/* End PBXSourcesBuildPhase section */

/* Begin PBXVariantGroup section */
		2217E4861FEB26ED004A02AF /* Main.storyboard */ = {
			isa = PBXVariantGroup;
			children = (
				2217E4871FEB26ED004A02AF /* Base */,
				18FC96B920EA2DC2001C8A5B /* tr */,
			);
			name = Main.storyboard;
			sourceTree = "<group>";
		};
		2217E48B1FEB26EE004A02AF /* LaunchScreen.storyboard */ = {
			isa = PBXVariantGroup;
			children = (
				2217E48C1FEB26EE004A02AF /* Base */,
				18FC96BA20EA2DC2001C8A5B /* tr */,
			);
			name = LaunchScreen.storyboard;
			sourceTree = "<group>";
		};
/* End PBXVariantGroup section */

/* Begin XCBuildConfiguration section */
		2217E48F1FEB26EE004A02AF /* Debug */ = {
			isa = XCBuildConfiguration;
			buildSettings = {
				ALWAYS_SEARCH_USER_PATHS = NO;
				CLANG_ANALYZER_LOCALIZABILITY_NONLOCALIZED = YES;
				CLANG_ANALYZER_NONNULL = YES;
				CLANG_ANALYZER_NUMBER_OBJECT_CONVERSION = YES_AGGRESSIVE;
				CLANG_CXX_LANGUAGE_STANDARD = "gnu++14";
				CLANG_CXX_LIBRARY = "libc++";
				CLANG_ENABLE_MODULES = YES;
				CLANG_ENABLE_OBJC_ARC = YES;
				CLANG_WARN_BLOCK_CAPTURE_AUTORELEASING = YES;
				CLANG_WARN_BOOL_CONVERSION = YES;
				CLANG_WARN_COMMA = YES;
				CLANG_WARN_CONSTANT_CONVERSION = YES;
				CLANG_WARN_DEPRECATED_OBJC_IMPLEMENTATIONS = YES;
				CLANG_WARN_DIRECT_OBJC_ISA_USAGE = YES_ERROR;
				CLANG_WARN_DOCUMENTATION_COMMENTS = YES;
				CLANG_WARN_EMPTY_BODY = YES;
				CLANG_WARN_ENUM_CONVERSION = YES;
				CLANG_WARN_INFINITE_RECURSION = YES;
				CLANG_WARN_INT_CONVERSION = YES;
				CLANG_WARN_NON_LITERAL_NULL_CONVERSION = YES;
				CLANG_WARN_OBJC_IMPLICIT_RETAIN_SELF = YES;
				CLANG_WARN_OBJC_LITERAL_CONVERSION = YES;
				CLANG_WARN_OBJC_ROOT_CLASS = YES_ERROR;
				CLANG_WARN_RANGE_LOOP_ANALYSIS = YES;
				CLANG_WARN_STRICT_PROTOTYPES = YES;
				CLANG_WARN_SUSPICIOUS_MOVE = YES;
				CLANG_WARN_UNGUARDED_AVAILABILITY = YES_AGGRESSIVE;
				CLANG_WARN_UNREACHABLE_CODE = YES;
				CLANG_WARN__DUPLICATE_METHOD_MATCH = YES;
				CODE_SIGN_IDENTITY = "iPhone Developer";
				COPY_PHASE_STRIP = NO;
				DEBUG_INFORMATION_FORMAT = dwarf;
				ENABLE_STRICT_OBJC_MSGSEND = YES;
				ENABLE_TESTABILITY = YES;
				GCC_C_LANGUAGE_STANDARD = gnu11;
				GCC_DYNAMIC_NO_PIC = NO;
				GCC_NO_COMMON_BLOCKS = YES;
				GCC_OPTIMIZATION_LEVEL = 0;
				GCC_PREPROCESSOR_DEFINITIONS = (
					"DEBUG=1",
					"$(inherited)",
				);
				GCC_WARN_64_TO_32_BIT_CONVERSION = YES;
				GCC_WARN_ABOUT_RETURN_TYPE = YES_ERROR;
				GCC_WARN_UNDECLARED_SELECTOR = YES;
				GCC_WARN_UNINITIALIZED_AUTOS = YES_AGGRESSIVE;
				GCC_WARN_UNUSED_FUNCTION = YES;
				GCC_WARN_UNUSED_VARIABLE = YES;
				IPHONEOS_DEPLOYMENT_TARGET = 11.1;
				MTL_ENABLE_DEBUG_INFO = YES;
				ONLY_ACTIVE_ARCH = YES;
				SDKROOT = iphoneos;
				SWIFT_ACTIVE_COMPILATION_CONDITIONS = DEBUG;
				SWIFT_OPTIMIZATION_LEVEL = "-Onone";
			};
			name = Debug;
		};
		2217E4901FEB26EE004A02AF /* Release */ = {
			isa = XCBuildConfiguration;
			buildSettings = {
				ALWAYS_SEARCH_USER_PATHS = NO;
				CLANG_ANALYZER_LOCALIZABILITY_NONLOCALIZED = YES;
				CLANG_ANALYZER_NONNULL = YES;
				CLANG_ANALYZER_NUMBER_OBJECT_CONVERSION = YES_AGGRESSIVE;
				CLANG_CXX_LANGUAGE_STANDARD = "gnu++14";
				CLANG_CXX_LIBRARY = "libc++";
				CLANG_ENABLE_MODULES = YES;
				CLANG_ENABLE_OBJC_ARC = YES;
				CLANG_WARN_BLOCK_CAPTURE_AUTORELEASING = YES;
				CLANG_WARN_BOOL_CONVERSION = YES;
				CLANG_WARN_COMMA = YES;
				CLANG_WARN_CONSTANT_CONVERSION = YES;
				CLANG_WARN_DEPRECATED_OBJC_IMPLEMENTATIONS = YES;
				CLANG_WARN_DIRECT_OBJC_ISA_USAGE = YES_ERROR;
				CLANG_WARN_DOCUMENTATION_COMMENTS = YES;
				CLANG_WARN_EMPTY_BODY = YES;
				CLANG_WARN_ENUM_CONVERSION = YES;
				CLANG_WARN_INFINITE_RECURSION = YES;
				CLANG_WARN_INT_CONVERSION = YES;
				CLANG_WARN_NON_LITERAL_NULL_CONVERSION = YES;
				CLANG_WARN_OBJC_IMPLICIT_RETAIN_SELF = YES;
				CLANG_WARN_OBJC_LITERAL_CONVERSION = YES;
				CLANG_WARN_OBJC_ROOT_CLASS = YES_ERROR;
				CLANG_WARN_RANGE_LOOP_ANALYSIS = YES;
				CLANG_WARN_STRICT_PROTOTYPES = YES;
				CLANG_WARN_SUSPICIOUS_MOVE = YES;
				CLANG_WARN_UNGUARDED_AVAILABILITY = YES_AGGRESSIVE;
				CLANG_WARN_UNREACHABLE_CODE = YES;
				CLANG_WARN__DUPLICATE_METHOD_MATCH = YES;
				CODE_SIGN_IDENTITY = "iPhone Developer";
				COPY_PHASE_STRIP = NO;
				DEBUG_INFORMATION_FORMAT = "dwarf-with-dsym";
				ENABLE_NS_ASSERTIONS = NO;
				ENABLE_STRICT_OBJC_MSGSEND = YES;
				GCC_C_LANGUAGE_STANDARD = gnu11;
				GCC_NO_COMMON_BLOCKS = YES;
				GCC_WARN_64_TO_32_BIT_CONVERSION = YES;
				GCC_WARN_ABOUT_RETURN_TYPE = YES_ERROR;
				GCC_WARN_UNDECLARED_SELECTOR = YES;
				GCC_WARN_UNINITIALIZED_AUTOS = YES_AGGRESSIVE;
				GCC_WARN_UNUSED_FUNCTION = YES;
				GCC_WARN_UNUSED_VARIABLE = YES;
				IPHONEOS_DEPLOYMENT_TARGET = 11.1;
				MTL_ENABLE_DEBUG_INFO = NO;
				SDKROOT = iphoneos;
				SWIFT_OPTIMIZATION_LEVEL = "-Owholemodule";
				VALIDATE_PRODUCT = YES;
			};
			name = Release;
		};
		2217E4921FEB26EE004A02AF /* Debug */ = {
			isa = XCBuildConfiguration;
			baseConfigurationReference = D3014EAC0050B9CD9FE7B464 /* Pods-Odi.debug.xcconfig */;
			buildSettings = {
				ASSETCATALOG_COMPILER_APPICON_NAME = AppIcon;
				CODE_SIGN_ENTITLEMENTS = Odi/Odi.entitlements;
				"CODE_SIGN_IDENTITY[sdk=iphoneos*]" = "iPhone Developer";
				CODE_SIGN_STYLE = Automatic;
				DEVELOPMENT_TEAM = 6W5VE3Q5KN;
				INFOPLIST_FILE = Odi/Info.plist;
				IPHONEOS_DEPLOYMENT_TARGET = 10.0;
				LD_RUNPATH_SEARCH_PATHS = "$(inherited) @executable_path/Frameworks";
				PRODUCT_BUNDLE_IDENTIFIER = com.brokoly.odi;
				PRODUCT_NAME = "$(TARGET_NAME)";
				PROVISIONING_PROFILE_SPECIFIER = "";
				SWIFT_VERSION = 4.0;
				TARGETED_DEVICE_FAMILY = "1,2";
			};
			name = Debug;
		};
		2217E4931FEB26EE004A02AF /* Release */ = {
			isa = XCBuildConfiguration;
			baseConfigurationReference = 32E6CA614FA311A79905E66F /* Pods-Odi.release.xcconfig */;
			buildSettings = {
				ASSETCATALOG_COMPILER_APPICON_NAME = AppIcon;
				CODE_SIGN_ENTITLEMENTS = Odi/Odi.entitlements;
				"CODE_SIGN_IDENTITY[sdk=iphoneos*]" = "iPhone Developer";
				CODE_SIGN_STYLE = Automatic;
				DEVELOPMENT_TEAM = 6W5VE3Q5KN;
				INFOPLIST_FILE = Odi/Info.plist;
				IPHONEOS_DEPLOYMENT_TARGET = 10.0;
				LD_RUNPATH_SEARCH_PATHS = "$(inherited) @executable_path/Frameworks";
				PRODUCT_BUNDLE_IDENTIFIER = com.brokoly.odi;
				PRODUCT_NAME = "$(TARGET_NAME)";
				PROVISIONING_PROFILE_SPECIFIER = "";
				SWIFT_VERSION = 4.0;
				TARGETED_DEVICE_FAMILY = "1,2";
			};
			name = Release;
		};
/* End XCBuildConfiguration section */

/* Begin XCConfigurationList section */
		2217E47A1FEB26ED004A02AF /* Build configuration list for PBXProject "Odi" */ = {
			isa = XCConfigurationList;
			buildConfigurations = (
				2217E48F1FEB26EE004A02AF /* Debug */,
				2217E4901FEB26EE004A02AF /* Release */,
			);
			defaultConfigurationIsVisible = 0;
			defaultConfigurationName = Release;
		};
		2217E4911FEB26EE004A02AF /* Build configuration list for PBXNativeTarget "Odi" */ = {
			isa = XCConfigurationList;
			buildConfigurations = (
				2217E4921FEB26EE004A02AF /* Debug */,
				2217E4931FEB26EE004A02AF /* Release */,
			);
			defaultConfigurationIsVisible = 0;
			defaultConfigurationName = Release;
		};
/* End XCConfigurationList section */
	};
	rootObject = 2217E4771FEB26ED004A02AF /* Project object */;
}
